
Microsoft Visual Studio Solution File, Format Version 12.00
# Visual Studio Version 17
VisualStudioVersion = 17.13.35828.75
MinimumVisualStudioVersion = 10.0.40219.1
Project("{FAE04EC0-301F-11D3-BF4B-00C04F79EFBC}") = "WebAppCoreProduct", "WebAppCoreProduct.csproj", "{06BEC861-CC32-46B4-8956-2B8EA7C08857}"
EndProject
Global
	GlobalSection(SolutionConfigurationPlatforms) = preSolution
		Debug|Any CPU = Debug|Any CPU
		Release|Any CPU = Release|Any CPU
	EndGlobalSection
	GlobalSection(ProjectConfigurationPlatforms) = postSolution
		{06BEC861-CC32-46B4-8956-2B8EA7C08857}.Debug|Any CPU.ActiveCfg = Debug|Any CPU
		{06BEC861-CC32-46B4-8956-2B8EA7C08857}.Debug|Any CPU.Build.0 = Debug|Any CPU
		{06BEC861-CC32-46B4-8956-2B8EA7C08857}.Release|Any CPU.ActiveCfg = Release|Any CPU
		{06BEC861-CC32-46B4-8956-2B8EA7C08857}.Release|Any CPU.Build.0 = Release|Any CPU
	EndGlobalSection
	GlobalSection(SolutionProperties) = preSolution
		HideSolutionNode = FALSE
	EndGlobalSection
	GlobalSection(ExtensibilityGlobals) = postSolution
		SolutionGuid = {AE650885-5FAC-4F47-8100-F0ABA1CB85F5}
	EndGlobalSection
EndGlobal
